version = 1
revision = 3
requires-python = "==3.12.*"

[[package]]
name = "attrs"
version = "26.1.0"
source = { registry = "https://pypi.org/simple" }
sdist = { url = "https://files.pythonhosted.org/packages/9a/8e/82a0fe20a541c03148528be8cac2408564a6c9a0cc7e9171802bc1d26985/attrs-26.1.0.tar.gz", hash = "sha256:d03ceb89cb322a8fd706d4fb91940737b6642aa36998fe130a9bc96c985eff32", size = 952055, upload-time = "2026-03-19T14:22:25.026Z" }
wheels = [
    { url = "https://files.pythonhosted.org/packages/64/b4/17d4b0b2a2dc85a6df63d1157e028ed19f90d4cd97c36717afef2bc2f395/attrs-26.1.0-py3-none-any.whl", hash = "sha256:c647aa4a12dfbad9333ca4e71fe62ddc36f4e63b2d260a37a8b83d2f043ac309", size = 67548, upload-time = "2026-03-19T14:22:23.645Z" },
]

[[package]]
name = "aws-cdk-asset-awscli-v1"
version = "2.2.282"
source = { registry = "https://pypi.org/simple" }
dependencies = [
    { name = "jsii" },
    { name = "publication" },
    { name = "typeguard" },
]
sdist = { url = "https://files.pythonhosted.org/packages/b1/30/90558d9e05c2b1a5a8d7d87332b4bed4a2e5d2eb04cc7064f6e9e0c8a2f2/aws_cdk_asset_awscli_v1-2.2.282.tar.gz", hash = "sha256:f86e61653927f77fb235b5ec148c955c610117430c869d182c8b20f7e07e2df2", size = 20740538, upload-time = "2026-05-25T21:33:20.444Z" }
wheels = [
    { url = "https://files.pythonhosted.org/packages/c5/86/dcb45969f1b34351cfd9afdb6b35bff38a3e929c8bc42b07036879f3a62e/aws_cdk_asset_awscli_v1-2.2.282-py3-none-any.whl", hash = "sha256:24139da0eb1be59f8cfda22c6343d51e8d50bb89b5052b049cfab92683de7790", size = 20738955, upload-time = "2026-05-25T21:33:17.673Z" },
]

[[package]]
name = "aws-cdk-asset-node-proxy-agent-v6"
version = "2.1.2"
source = { registry = "https://pypi.org/simple" }
dependencies = [
    { name = "jsii" },
    { name = "publication" },
    { name = "typeguard" },
]
sdist = { url = "https://files.pythonhosted.org/packages/10/e3/92e49ecaa002b4ac54371538991389c248577cbae7394ea9d1261ff41078/aws_cdk_asset_node_proxy_agent_v6-2.1.2.tar.gz", hash = "sha256:1340588dd351dcae37e07188f39075364f73ccde6ed9468c1184b06ada4af665", size = 1534674, upload-time = "2026-05-15T08:14:19.895Z" }
wheels = [
    { url = "https://files.pythonhosted.org/packages/1e/06/29837eb8ae4dc82ed2e593e4b24449394393b9a8a247b0ce2cee811e5cbb/aws_cdk_asset_node_proxy_agent_v6-2.1.2-py3-none-any.whl", hash = "sha256:1028bff16fdb87b8c82404e9b48f32ed383429dece84067f47379c4049da5da4", size = 1533233, upload-time = "2026-05-15T08:14:17.622Z" },
]

[[package]]
name = "aws-cdk-cloud-assembly-schema"
version = "54.14.0"
source = { registry = "https://pypi.org/simple" }
dependencies = [
    { name = "jsii" },
    { name = "publication" },
]
sdist = { url = "https://files.pythonhosted.org/packages/05/7f/8aa19ea1279f8d5917375a94cc70095dee4ca4751e73fe570e135a70330a/aws_cdk_cloud_assembly_schema-54.14.0.tar.gz", hash = "sha256:d1f3371b6141932042efc284300f7f00fd291e92ae198651d4ebe6bcc1cd3480", size = 282887, upload-time = "2026-07-23T19:21:44.463Z" }
wheels = [
    { url = "https://files.pythonhosted.org/packages/7f/e4/badc4a25352fc53ac87208079145a811789c8b98be2c9b7b610619c285e0/aws_cdk_cloud_assembly_schema-54.14.0-py3-none-any.whl", hash = "sha256:9445f5a6a8b28dd71e2f55448292db795042adf4c3ac48c5b5f735e208591f42", size = 281930, upload-time = "2026-07-23T19:21:42.732Z" },
]

[[package]]
name = "aws-cdk-lib"
version = "2.262.1"
source = { registry = "https://pypi.org/simple" }
dependencies = [
    { name = "aws-cdk-asset-awscli-v1" },
    { name = "aws-cdk-asset-node-proxy-agent-v6" },
    { name = "aws-cdk-cloud-assembly-schema" },
    { name = "constructs" },
    { name = "jsii" },
    { name = "publication" },
]
sdist = { url = "https://files.pythonhosted.org/packages/62/9c/84b65f2e579173bcd04177e4380e5f0fd68d071f7be153fc72ead05cde88/aws_cdk_lib-2.262.1.tar.gz", hash = "sha256:e9ae7ef2454bd4044f300d6c80df692ecee3fa4d5850013e473e198ebaf6303d", size = 54894297, upload-time = "2026-07-24T14:43:31.836Z" }
wheels = [
    { url = "https://files.pythonhosted.org/packages/2c/ad/6592d901edc64bd51dda85d2f49d494071796a7874f37ffefac59fc31a88/aws_cdk_lib-2.262.1-py3-none-any.whl", hash = "sha256:5fe31beed6f22986c66e625e7683087168e780eebf7f001800574ac420af3c9c", size = 55566690, upload-time = "2026-07-24T14:42:52.656Z" },
]

[[package]]
name = "cattrs"
version = "26.1.0"
source = { registry = "https://pypi.org/simple" }
dependencies = [
    { name = "attrs" },
    { name = "typing-extensions" },
]
sdist = { url = "https://files.pythonhosted.org/packages/a0/ec/ba18945e7d6e55a58364d9fb2e46049c1c2998b3d805f19b703f14e81057/cattrs-26.1.0.tar.gz", hash = "sha256:fa239e0f0ec0715ba34852ce813986dfed1e12117e209b816ab87401271cdd40", size = 495672, upload-time = "2026-02-18T22:15:19.406Z" }
wheels = [
    { url = "https://files.pythonhosted.org/packages/80/56/60547f7801b97c67e97491dc3d9ade9fbccbd0325058fd3dfcb2f5d98d90/cattrs-26.1.0-py3-none-any.whl", hash = "sha256:d1e0804c42639494d469d08d4f26d6b9de9b8ab26b446db7b5f8c2e97f7c3096", size = 73054, upload-time = "2026-02-18T22:15:17.958Z" },
]

[[package]]
name = "cffi"
version = "2.1.1"
source = { registry = "https://pypi.org/simple" }
dependencies = [
    { name = "pycparser", marker = "implementation_name != 'PyPy'" },
]
sdist = { url = "https://files.pythonhosted.org/packages/9e/ef/008a1939e372c06329a3fce4279c02f328488f3526744906eeec3da7ad5f/cffi-2.1.1.tar.gz", hash = "sha256:dd31f52ea1086513bb9df30f8fcee9b8918323ae067a3d5b78bc826a000712be", size = 530807, upload-time = "2026-08-03T21:21:18.939Z" }
wheels = [
    { url = "https://files.pythonhosted.org/packages/10/69/43965eccfdead3b9220015fd1320e117be8c6ed01a62ffab76eeb752f5d5/cffi-2.1.1-cp312-cp312-macosx_10_15_x86_64.whl", hash = "sha256:c8c69575568085ba0b1b10c0249d779a214aea6f6522e949a0fc9fb0fcb449d0", size = 184821, upload-time = "2026-08-03T21:19:44.887Z" },
    { url = "https://files.pythonhosted.org/packages/54/7d/16e5a096677b5e313ca80cd5e5170efa3ea44624a82bb111925522da64b1/cffi-2.1.1-cp312-cp312-macosx_11_0_arm64.whl", hash = "sha256:f81b3b8f3d4e343550fa4baa0e479bba9f2d29ce9c2e9b51d1ce1718d7442fcf", size = 184719, upload-time = "2026-08-03T21:19:46.129Z" },
    { url = "https://files.pythonhosted.org/packages/56/e6/8941622732edec876dd17d0453dce07317ae96db34f2ec1436c9d3785986/cffi-2.1.1-cp312-cp312-manylinux1_i686.manylinux2014_i686.manylinux_2_17_i686.manylinux_2_5_i686.whl", hash = "sha256:811bd1e21d32de12efca32393a0ab3f5133b54fce9bd44b8bd77ab07da14bf6a", size = 214799, upload-time = "2026-08-03T21:19:47.218Z" },
    { url = "https://files.pythonhosted.org/packages/44/de/f98430906df1545ffde0d543dd124a7a439bc2cd32b36b9c53f805df7333/cffi-2.1.1-cp312-cp312-manylinux2014_aarch64.manylinux_2_17_aarch64.whl", hash = "sha256:68e62fe11f30d5ca8289242866f0a5291402d8529ca2178ab8afc5c9694ae890", size = 222389, upload-time = "2026-08-03T21:19:48.331Z" },
    { url = "https://files.pythonhosted.org/packages/6a/5b/717f1526b9957b34456313c31645c5b82b8fb5c3fe9e4752999be7128bfc/cffi-2.1.1-cp312-cp312-manylinux2014_ppc64le.manylinux_2_17_ppc64le.whl", hash = "sha256:4a7c934f7360e8cd64fe9efadcbd10c7c6364f531e432b9a4bf5ccbc9e0e8b50", size = 210249, upload-time = "2026-08-03T21:19:49.543Z" },
    { url = "https://files.pythonhosted.org/packages/64/b3/f8aa4f3e34986c7e4ec45072d1b1b9dd295b6b18007b45518d79726dd725/cffi-2.1.1-cp312-cp312-manylinux2014_s390x.manylinux_2_17_s390x.whl", hash = "sha256:3143d81e29e1e20a9ce10901ec369012947876596f75a222235965f2b7ae832e", size = 208775, upload-time = "2026-08-03T21:19:50.918Z" },
    { url = "https://files.pythonhosted.org/packages/b1/db/dceb9dd5b231e1da801793f8acc9f3c52a7e1afe40bb1aae37e02b0faad5/cffi-2.1.1-cp312-cp312-manylinux2014_x86_64.manylinux_2_17_x86_64.whl", hash = "sha256:c1453022f490d2459a11819d83ad1d586e9ff65a12ac3e705ffebd46d3685dcf", size = 221822, upload-time = "2026-08-03T21:19:52.054Z" },
    { url = "https://files.pythonhosted.org/packages/a0/d2/6cd24ae3be000a634109c247d1475d62e5616d0dc78c82770942ec384248/cffi-2.1.1-cp312-cp312-musllinux_1_2_aarch64.whl", hash = "sha256:208f941bb9d18e768138677f0a6d2ce01f590df56043dda1df1535ac57c88517", size = 225232, upload-time = "2026-08-03T21:19:53.109Z" },
    { url = "https://files.pythonhosted.org/packages/cb/52/3fa190537004dd7f0ab860a6dc7c0175b8667f68d1e618a46f5498d30250/cffi-2.1.1-cp312-cp312-musllinux_1_2_x86_64.whl", hash = "sha256:210019b6c7cf07f081b4c54635c8cf744377001350e29cc0f81c4377b4797735", size = 223597, upload-time = "2026-08-03T21:19:54.515Z" },
    { url = "https://files.pythonhosted.org/packages/80/fb/0bb75b7039588c074b37ae99f40d9bfddf990ecb2fbc346ebccd2e56b9be/cffi-2.1.1-cp312-cp312-win32.whl", hash = "sha256:046bfc24911b37851ee1b51aab8bffe713d89c68c6a057b09484ce9fd5f69b4e", size = 175292, upload-time = "2026-08-03T21:19:55.566Z" },
    { url = "https://files.pythonhosted.org/packages/d9/79/615cc094e2fb508cade7de88d3b4f6c4ec2bab695c97bce9153dc65aadf5/cffi-2.1.1-cp312-cp312-win_amd64.whl", hash = "sha256:f53e442b08449d42821fa4a4fba000095af9f62742a500f978a9f557ec44339a", size = 185919, upload-time = "2026-08-03T21:19:56.89Z" },
    { url = "https://files.pythonhosted.org/packages/70/c6/d0ea84713fe46b243a436a18fcd47d639732747e21635c8a27191b06dc30/cffi-2.1.1-cp312-cp312-win_arm64.whl", hash = "sha256:7bde5e4cc5c10140859842b9d383af292b22639a4dffb725314baf45968cef80", size = 180093, upload-time = "2026-08-03T21:19:58.155Z" },
]

[[package]]
name = "colorama"
version = "0.4.6"
source = { registry = "https://pypi.org/simple" }
sdist = { url = "https://files.pythonhosted.org/packages/d8/53/6f443c9a4a8358a93a6792e2acffb9d9d5cb0a5cfd8802644b7b1c9a02e4/colorama-0.4.6.tar.gz", hash = "sha256:08695f5cb7ed6e0531a20572697297273c47b8cae5a63ffc6d6ed5c201be6e44", size = 27697, upload-time = "2022-10-25T02:36:22.414Z" }
wheels = [
    { url = "https://files.pythonhosted.org/packages/d1/d6/3965ed04c63042e047cb6a3e6ed1a63a35087b6a609aa3a15ed8ac56c221/colorama-0.4.6-py2.py3-none-any.whl", hash = "sha256:4f1d9991f5acc0ca119f9d443620b77f9d6b33703e51011c16baf57afb285fc6", size = 25335, upload-time = "2022-10-25T02:36:20.889Z" },
]

[[package]]
name = "constructs"
version = "10.7.1"
source = { registry = "https://pypi.org/simple" }
dependencies = [
    { name = "jsii" },
    { name = "publication" },
]
sdist = { url = "https://files.pythonhosted.org/packages/07/1e/f8616b97256cad2a2ec27a6bbb74ae478182ddd782ba10fd97924970a75d/constructs-10.7.1.tar.gz", hash = "sha256:7b33d60851fc8c6d4c4a111dc342088e467c344b22d9a562a5e0b6fbbbaf4b2a", size = 71079, upload-time = "2026-07-20T08:01:34.724Z" }
wheels = [
    { url = "https://files.pythonhosted.org/packages/ab/e7/f014792cb9e76d407e552aead634e048134c22e59a2f892b1cb7324afc71/constructs-10.7.1-py3-none-any.whl", hash = "sha256:f212c66b37249c45eca4638c6b33c68efddae50599d27062d71d0bf81c11431e", size = 69144, upload-time = "2026-07-20T08:01:32.43Z" },
]

[[package]]
name = "iniconfig"
version = "2.3.0"
source = { registry = "https://pypi.org/simple" }
sdist = { url = "https://files.pythonhosted.org/packages/72/34/14ca021ce8e5dfedc35312d08ba8bf51fdd999c576889fc2c24cb97f4f10/iniconfig-2.3.0.tar.gz", hash = "sha256:c76315c77db068650d49c5b56314774a7804df16fee4402c1f19d6d15d8c4730", size = 20503, upload-time = "2025-10-18T21:55:43.219Z" }
wheels = [
    { url = "https://files.pythonhosted.org/packages/cb/b1/3846dd7f199d53cb17f49cba7e651e9ce294d8497c8c150530ed11865bb8/iniconfig-2.3.0-py3-none-any.whl", hash = "sha256:f631c04d2c48c52b84d0d0549c99ff3859c98df65b3101406327ecc7d53fbf12", size = 7484, upload-time = "2025-10-18T21:55:41.639Z" },
]

[[package]]
name = "jsii"
version = "1.139.0"
source = { registry = "https://pypi.org/simple" }
dependencies = [
    { name = "attrs" },
    { name = "cattrs" },
    { name = "publication" },
    { name = "python-dateutil" },
    { name = "typeguard" },
    { name = "typing-extensions" },
]
sdist = { url = "https://files.pythonhosted.org/packages/c1/71/7c612c16291a6dc654bac00f56bef24c45f86e9a7c9668dc7d36f187e808/jsii-1.139.0.tar.gz", hash = "sha256:163c5d3ec00fd4ec89a33b9097f20a6f27626dd69d6875a8f7cc7577b8021ad0", size = 531387, upload-time = "2026-07-17T02:34:33.293Z" }
wheels = [
    { url = "https://files.pythonhosted.org/packages/33/3e/fce01768f79b2d5d0cf6258b55045f4b083ee86fd5de24c1af38168312ab/jsii-1.139.0-py3-none-any.whl", hash = "sha256:11468f767c6da698ed9888a04352850af33ccccfec7656475626caf36fca8bbb", size = 501693, upload-time = "2026-07-17T02:34:31.747Z" },
]

[[package]]
name = "librt"
version = "0.13.0"
source = { registry = "https://pypi.org/simple" }
sdist = { url = "https://files.pythonhosted.org/packages/dc/2f/3908645ddddab7120b46295e541ead308109fa48dbec7d67d7a778870d60/librt-0.13.0.tar.gz", hash = "sha256:1d2a610c14ac0d0750ee0a3ab8548e83155258387891caaca04def4bf7289781", size = 211402, upload-time = "2026-07-08T12:26:29.834Z" }
wheels = [
    { url = "https://files.pythonhosted.org/packages/f0/f4/b2933ddae222dac338476abb872641169a5cfed2c2bb5444a5b07b32b0c3/librt-0.13.0-cp312-cp312-macosx_10_13_x86_64.whl", hash = "sha256:30536798f4504c0fad0885b1d371b0539abb081e4570c9d7c641cb51141b49f0", size = 150990, upload-time = "2026-07-08T12:25:02.42Z" },
    { url = "https://files.pythonhosted.org/packages/90/ef/db98f744ca50e6efc9c95c70ee49b77aefac31f6a3fc7c83754a42d6a74f/librt-0.13.0-cp312-cp312-macosx_11_0_arm64.whl", hash = "sha256:93d24ebb82aa4420b1409c389e7857bc35bd0b668007ac8172427d5c73cc8cc5", size = 155238, upload-time = "2026-07-08T12:25:03.681Z" },
    { url = "https://files.pythonhosted.org/packages/03/e7/a197e7bc72baf2c61ce7fdc6906a5054dc05bd8da0819aa894e4857bf87e/librt-0.13.0-cp312-cp312-manylinux2014_aarch64.manylinux_2_17_aarch64.manylinux_2_28_aarch64.whl", hash = "sha256:cb8a1adce42d8b75485a5d56a9623a50bcab995b6079f1dac59fc44034dd93d9", size = 503073, upload-time = "2026-07-08T12:25:05.049Z" },
    { url = "https://files.pythonhosted.org/packages/f8/e7/7887712e27da7c1ab80fcabb1de6eb24243964f6557cae530d4b70706dbd/librt-0.13.0-cp312-cp312-manylinux2014_i686.manylinux_2_17_i686.manylinux_2_28_i686.whl", hash = "sha256:0763ca2ab66058174f9dee426dc64f5e0a89c24a7df8d3fe3f1836c04e25de4b", size = 496528, upload-time = "2026-07-08T12:25:06.26Z" },
    { url = "https://files.pythonhosted.org/packages/94/f0/f2283385bb6b950b26a1410f4ce51ec27231e0b3a4b925c46366d218b198/librt-0.13.0-cp312-cp312-manylinux2014_x86_64.manylinux_2_17_x86_64.manylinux_2_28_x86_64.whl", hash = "sha256:b222493da6e7b6199db9bd79502436cf5a27da3c1f7fa83c7e285444fc93fd03", size = 531786, upload-time = "2026-07-08T12:25:07.658Z" },
    { url = "https://files.pythonhosted.org/packages/36/11/69ac3b54766ffba5fd7e5acebfb048d66dbe1f9f2d14516c2b3edc59cf87/librt-0.13.0-cp312-cp312-manylinux_2_34_riscv64.manylinux_2_39_riscv64.whl", hash = "sha256:fadc63331f4388c3dc90090448f682a7e9feafc11481391c1e94f2f907a3976e", size = 524393, upload-time = "2026-07-08T12:25:09.121Z" },
    { url = "https://files.pythonhosted.org/packages/61/5f/d72f95fd444a926a3c14b4e24979474116988dd57a45be242077c45d3c22/librt-0.13.0-cp312-cp312-musllinux_1_2_aarch64.whl", hash = "sha256:70d9c62a4cffd9f23396cd5ef93fc5d11b31596b9b7d6306074abe3d5fcf09bd", size = 543026, upload-time = "2026-07-08T12:25:10.459Z" },
    { url = "https://files.pythonhosted.org/packages/c4/08/dcd9993ad192737a004ba263d549f8ea605b326b952e7d6205c7d4170b76/librt-0.13.0-cp312-cp312-musllinux_1_2_i686.whl", hash = "sha256:66c0e7e6b02a155576df2c77ec933a70b72da726e248c494abf690923e624348", size = 546829, upload-time = "2026-07-08T12:25:11.716Z" },
    { url = "https://files.pythonhosted.org/packages/96/d5/6d9bb2f54e4109a956b7128836529653eb9d740f784bc47ed10a02c1000e/librt-0.13.0-cp312-cp312-musllinux_1_2_riscv64.whl", hash = "sha256:ac04bcd3328eb91d99dfedf6a60d9c1f15d3434e6f6daf922f0420f7d90b85c7", size = 535700, upload-time = "2026-07-08T12:25:13.144Z" },
    { url = "https://files.pythonhosted.org/packages/8c/f2/10946922503858a359492fa27f13e86228bde702116a740ac7b3cd185f24/librt-0.13.0-cp312-cp312-musllinux_1_2_x86_64.whl", hash = "sha256:db327e7271e653c32040b85ae6188059c924b57d7e1e29f935523fa017cd4e82", size = 573566, upload-time = "2026-07-08T12:25:14.336Z" },
    { url = "https://files.pythonhosted.org/packages/48/a8/94f00e3c99479a18088af3685ea016c42f3c7d5d1964d8dbb40c08d7f1aa/librt-0.13.0-cp312-cp312-win32.whl", hash = "sha256:860bd1d8ba48456ce08feaf8d343a8aaeb2fa086f2bcaa2a923fa3f7a3ff9aa3", size = 106099, upload-time = "2026-07-08T12:25:16.159Z" },
    { url = "https://files.pythonhosted.org/packages/c9/7b/2da9c74c1ed25a89cc4e1c8e007ea2eb4a0f1fafa3e70d757fe3242c5c5c/librt-0.13.0-cp312-cp312-win_amd64.whl", hash = "sha256:e54a315caf843c8d77e388cadc56ea9ded569935ee2d2347d7ea94992e5aa6fa", size = 126934, upload-time = "2026-07-08T12:25:17.275Z" },
    { url = "https://files.pythonhosted.org/packages/d0/65/aead61bbf3b5358593f9d4779d2a0e88eaf6ec191a6342dde36dd1df6371/librt-0.13.0-cp312-cp312-win_arm64.whl", hash = "sha256:c718e99a0992127af84385378460db624103b559ab260435abcfe77a4e4ed1c1", size = 112236, upload-time = "2026-07-08T12:25:18.425Z" },
]

[[package]]
name = "mypy"
version = "1.20.2"
source = { registry = "https://pypi.org/simple" }
dependencies = [
    { name = "librt", marker = "platform_python_implementation != 'PyPy'" },
    { name = "mypy-extensions" },
    { name = "pathspec" },
    { name = "typing-extensions" },
]
sdist = { url = "https://files.pythonhosted.org/packages/04/af/e3d4b3e9ec91a0ff9aabfdb38692952acf49bbb899c2e4c29acb3a6da3ae/mypy-1.20.2.tar.gz", hash = "sha256:e8222c26daaafd9e8626dec58ae36029f82585890589576f769a650dd20fd665", size = 3817349, upload-time = "2026-04-21T17:12:28.473Z" }
wheels = [
    { url = "https://files.pythonhosted.org/packages/71/4e/7560e4528db9e9b147e4c0f22660466bf30a0a1fe3d63d1b9d3b0fd354ee/mypy-1.20.2-cp312-cp312-macosx_10_13_x86_64.whl", hash = "sha256:4dbfcf869f6b0517f70cf0030ba6ea1d6645e132337a7d5204a18d8d5636c02b", size = 14539393, upload-time = "2026-04-21T17:07:12.52Z" },
    { url = "https://files.pythonhosted.org/packages/32/d9/34a5efed8124f5a9234f55ac6a4ced4201e2c5b81e1109c49ad23190ec8c/mypy-1.20.2-cp312-cp312-macosx_11_0_arm64.whl", hash = "sha256:4b6481b228d072315b053210b01ac320e1be243dc17f9e5887ef167f23f5fae4", size = 13361642, upload-time = "2026-04-21T17:06:53.742Z" },
    { url = "https://files.pythonhosted.org/packages/d1/14/eb377acf78c03c92d566a1510cda8137348215b5335085ef662ab82ecd3a/mypy-1.20.2-cp312-cp312-manylinux2014_aarch64.manylinux_2_17_aarch64.manylinux_2_28_aarch64.whl", hash = "sha256:34397cdced6b90b836e38182076049fdb41424322e0b0728c946b0939ebdf9f6", size = 13740347, upload-time = "2026-04-21T17:12:04.73Z" },
    { url = "https://files.pythonhosted.org/packages/b9/94/7e4634a32b641aa1c112422eed1bbece61ee16205f674190e8b536f884de/mypy-1.20.2-cp312-cp312-manylinux2014_x86_64.manylinux_2_17_x86_64.manylinux_2_28_x86_64.whl", hash = "sha256:a5da6976f20cae27059ea8d0c86e7cef3de720e04c4bb9ee18e3690fdb792066", size = 14734042, upload-time = "2026-04-21T17:07:43.16Z" },
    { url = "https://files.pythonhosted.org/packages/7a/f3/f7e62395cb7f434541b4491a01149a4439e28ace4c0c632bbf5431e92d1f/mypy-1.20.2-cp312-cp312-musllinux_1_2_x86_64.whl", hash = "sha256:56908d7e08318d39f85b1f0c6cfd47b0cac1a130da677630dac0de3e0623e102", size = 14964958, upload-time = "2026-04-21T17:11:00.665Z" },
    { url = "https://files.pythonhosted.org/packages/3e/0d/47e3c3a0ec2a876e35aeac365df3cac7776c36bbd4ed18cc521e1b9d255b/mypy-1.20.2-cp312-cp312-win_amd64.whl", hash = "sha256:d52ad8d78522da1d308789df651ee5379088e77c76cb1994858d40a426b343b9", size = 10911340, upload-time = "2026-04-21T17:10:49.179Z" },
    { url = "https://files.pythonhosted.org/packages/d6/b2/6c852d72e0ea8b01f49da817fb52539993cde327e7d010e0103dc12d0dac/mypy-1.20.2-cp312-cp312-win_arm64.whl", hash = "sha256:785b08db19c9f214dc37d65f7c165d19a30fcecb48abfa30f31b01b5acaabb58", size = 9833947, upload-time = "2026-04-21T17:09:05.267Z" },
    { url = "https://files.pythonhosted.org/packages/28/9a/f23c163e25b11074188251b0b5a0342625fc1cdb6af604757174fa9acc9b/mypy-1.20.2-py3-none-any.whl", hash = "sha256:a94c5a76ab46c5e6257c7972b6c8cff0574201ca7dc05647e33e795d78680563", size = 2637314, upload-time = "2026-04-21T17:05:54.5Z" },
]

[[package]]
name = "mypy-extensions"
version = "1.1.0"
source = { registry = "https://pypi.org/simple" }
sdist = { url = "https://files.pythonhosted.org/packages/a2/6e/371856a3fb9d31ca8dac321cda606860fa4548858c0cc45d9d1d4ca2628b/mypy_extensions-1.1.0.tar.gz", hash = "sha256:52e68efc3284861e772bbcd66823fde5ae21fd2fdb51c62a211403730b916558", size = 6343, upload-time = "2025-04-22T14:54:24.164Z" }
wheels = [
    { url = "https://files.pythonhosted.org/packages/79/7b/2c79738432f5c924bef5071f933bcc9efd0473bac3b4aa584a6f7c1c8df8/mypy_extensions-1.1.0-py3-none-any.whl", hash = "sha256:1be4cccdb0f2482337c4743e60421de3a356cd97508abadd57d47403e94f5505", size = 4963, upload-time = "2025-04-22T14:54:22.983Z" },
]

[[package]]
name = "packaging"
version = "26.2"
source = { registry = "https://pypi.org/simple" }
sdist = { url = "https://files.pythonhosted.org/packages/d7/f1/e7a6dd94a8d4a5626c03e4e99c87f241ba9e350cd9e6d75123f992427270/packaging-26.2.tar.gz", hash = "sha256:ff452ff5a3e828ce110190feff1178bb1f2ea2281fa2075aadb987c2fb221661", size = 228134, upload-time = "2026-04-24T20:15:23.917Z" }
wheels = [
    { url = "https://files.pythonhosted.org/packages/df/b2/87e62e8c3e2f4b32e5fe99e0b86d576da1312593b39f47d8ceef365e95ed/packaging-26.2-py3-none-any.whl", hash = "sha256:5fc45236b9446107ff2415ce77c807cee2862cb6fac22b8a73826d0693b0980e", size = 100195, upload-time = "2026-04-24T20:15:22.081Z" },
]

[[package]]
name = "pathspec"
version = "1.1.1"
source = { registry = "https://pypi.org/simple" }
sdist = { url = "https://files.pythonhosted.org/packages/5a/82/42f767fc1c1143d6fd36efb827202a2d997a375e160a71eb2888a925aac1/pathspec-1.1.1.tar.gz", hash = "sha256:17db5ecd524104a120e173814c90367a96a98d07c45b2e10c2f3919fff91bf5a", size = 135180, upload-time = "2026-04-27T01:46:08.907Z" }
wheels = [
    { url = "https://files.pythonhosted.org/packages/f1/d9/7fb5aa316bc299258e68c73ba3bddbc499654a07f151cba08f6153988714/pathspec-1.1.1-py3-none-any.whl", hash = "sha256:a00ce642f577bf7f473932318056212bc4f8bfdf53128c78bbd5af0b9b20b189", size = 57328, upload-time = "2026-04-27T01:46:07.06Z" },
]

[[package]]
name = "pluggy"
version = "1.6.0"
source = { registry = "https://pypi.org/simple" }
sdist = { url = "https://files.pythonhosted.org/packages/f9/e2/3e91f31a7d2b083fe6ef3fa267035b518369d9511ffab804f839851d2779/pluggy-1.6.0.tar.gz", hash = "sha256:7dcc130b76258d33b90f61b658791dede3486c3e6bfb003ee5c9bfb396dd22f3", size = 69412, upload-time = "2025-05-15T12:30:07.975Z" }
wheels = [
    { url = "https://files.pythonhosted.org/packages/54/20/4d324d65cc6d9205fabedc306948156824eb9f0ee1633355a8f7ec5c66bf/pluggy-1.6.0-py3-none-any.whl", hash = "sha256:e920276dd6813095e9377c0bc5566d94c932c33b27a3e3945d8389c374dd4746", size = 20538, upload-time = "2025-05-15T12:30:06.134Z" },
]

[[package]]
name = "publication"
version = "0.0.3"
source = { registry = "https://pypi.org/simple" }
sdist = { url = "https://files.pythonhosted.org/packages/6b/8e/8c9fe7e32fdf9c386f83d59610cc819a25dadb874b5920f2d0ef7d35f46d/publication-0.0.3.tar.gz", hash = "sha256:68416a0de76dddcdd2930d1c8ef853a743cc96c82416c4e4d3b5d901c6276dc4", size = 5484, upload-time = "2019-01-15T07:52:23.914Z" }
wheels = [
    { url = "https://files.pythonhosted.org/packages/f8/d3/6308debad7afcdb3ea5f50b4b3d852f41eb566a311fbcb4da23755a28155/publication-0.0.3-py2.py3-none-any.whl", hash = "sha256:0248885351febc11d8a1098d5c8e3ab2dabcf3e8c0c96db1e17ecd12b53afbe6", size = 7687, upload-time = "2019-01-15T07:52:22.151Z" },
]

[[package]]
name = "pycparser"
version = "3.0"
source = { registry = "https://pypi.org/simple" }
sdist = { url = "https://files.pythonhosted.org/packages/1b/7d/92392ff7815c21062bea51aa7b87d45576f649f16458d78b7cf94b9ab2e6/pycparser-3.0.tar.gz", hash = "sha256:600f49d217304a5902ac3c37e1281c9fe94e4d0489de643a9504c5cdfdfc6b29", size = 103492, upload-time = "2026-01-21T14:26:51.89Z" }
wheels = [
    { url = "https://files.pythonhosted.org/packages/0c/c3/44f3fbbfa403ea2a7c779186dc20772604442dde72947e7d01069cbe98e3/pycparser-3.0-py3-none-any.whl", hash = "sha256:b727414169a36b7d524c1c3e31839a521725078d7b2ff038656844266160a992", size = 48172, upload-time = "2026-01-21T14:26:50.693Z" },
]

[[package]]
name = "pygments"
version = "2.20.0"
source = { registry = "https://pypi.org/simple" }
sdist = { url = "https://files.pythonhosted.org/packages/c3/b2/bc9c9196916376152d655522fdcebac55e66de6603a76a02bca1b6414f6c/pygments-2.20.0.tar.gz", hash = "sha256:6757cd03768053ff99f3039c1a36d6c0aa0b263438fcab17520b30a303a82b5f", size = 4955991, upload-time = "2026-03-29T13:29:33.898Z" }
wheels = [
    { url = "https://files.pythonhosted.org/packages/f4/7e/a72dd26f3b0f4f2bf1dd8923c85f7ceb43172af56d63c7383eb62b332364/pygments-2.20.0-py3-none-any.whl", hash = "sha256:81a9e26dd42fd28a23a2d169d86d7ac03b46e2f8b59ed4698fb4785f946d0176", size = 1231151, upload-time = "2026-03-29T13:29:30.038Z" },
]

[[package]]
name = "pynacl"
version = "1.6.2"
source = { registry = "https://pypi.org/simple" }
dependencies = [
    { name = "cffi", marker = "platform_python_implementation != 'PyPy'" },
]
sdist = { url = "https://files.pythonhosted.org/packages/d9/9a/4019b524b03a13438637b11538c82781a5eda427394380381af8f04f467a/pynacl-1.6.2.tar.gz", hash = "sha256:018494d6d696ae03c7e656e5e74cdfd8ea1326962cc401bcf018f1ed8436811c", size = 3511692, upload-time = "2026-01-01T17:48:10.851Z" }
wheels = [
    { url = "https://files.pythonhosted.org/packages/be/7b/4845bbf88e94586ec47a432da4e9107e3fc3ce37eb412b1398630a37f7dd/pynacl-1.6.2-cp38-abi3-macosx_10_10_universal2.whl", hash = "sha256:c949ea47e4206af7c8f604b8278093b674f7c79ed0d4719cc836902bf4517465", size = 388458, upload-time = "2026-01-01T17:32:16.829Z" },
    { url = "https://files.pythonhosted.org/packages/1e/b4/e927e0653ba63b02a4ca5b4d852a8d1d678afbf69b3dbf9c4d0785ac905c/pynacl-1.6.2-cp38-abi3-manylinux2014_aarch64.manylinux_2_17_aarch64.whl", hash = "sha256:8845c0631c0be43abdd865511c41eab235e0be69c81dc66a50911594198679b0", size = 800020, upload-time = "2026-01-01T17:32:18.34Z" },
    { url = "https://files.pythonhosted.org/packages/7f/81/d60984052df5c97b1d24365bc1e30024379b42c4edcd79d2436b1b9806f2/pynacl-1.6.2-cp38-abi3-manylinux2014_x86_64.manylinux_2_17_x86_64.whl", hash = "sha256:22de65bb9010a725b0dac248f353bb072969c94fa8d6b1f34b87d7953cf7bbe4", size = 1399174, upload-time = "2026-01-01T17:32:20.239Z" },
    { url = "https://files.pythonhosted.org/packages/68/f7/322f2f9915c4ef27d140101dd0ed26b479f7e6f5f183590fd32dfc48c4d3/pynacl-1.6.2-cp38-abi3-manylinux_2_26_aarch64.manylinux_2_28_aarch64.whl", hash = "sha256:46065496ab748469cdd999246d17e301b2c24ae2fdf739132e580a0e94c94a87", size = 835085, upload-time = "2026-01-01T17:32:22.24Z" },
    { url = "https://files.pythonhosted.org/packages/3e/d0/f301f83ac8dbe53442c5a43f6a39016f94f754d7a9815a875b65e218a307/pynacl-1.6.2-cp38-abi3-manylinux_2_26_x86_64.manylinux_2_28_x86_64.whl", hash = "sha256:8a66d6fb6ae7661c58995f9c6435bda2b1e68b54b598a6a10247bfcdadac996c", size = 1437614, upload-time = "2026-01-01T17:32:23.766Z" },
    { url = "https://files.pythonhosted.org/packages/c4/58/fc6e649762b029315325ace1a8c6be66125e42f67416d3dbd47b69563d61/pynacl-1.6.2-cp38-abi3-manylinux_2_34_aarch64.whl", hash = "sha256:26bfcd00dcf2cf160f122186af731ae30ab120c18e8375684ec2670dccd28130", size = 818251, upload-time = "2026-01-01T17:32:25.69Z" },
    { url = "https://files.pythonhosted.org/packages/c9/a8/b917096b1accc9acd878819a49d3d84875731a41eb665f6ebc826b1af99e/pynacl-1.6.2-cp38-abi3-manylinux_2_34_x86_64.whl", hash = "sha256:c8a231e36ec2cab018c4ad4358c386e36eede0319a0c41fed24f840b1dac59f6", size = 1402859, upload-time = "2026-01-01T17:32:27.215Z" },
    { url = "https://files.pythonhosted.org/packages/85/42/fe60b5f4473e12c72f977548e4028156f4d340b884c635ec6b063fe7e9a5/pynacl-1.6.2-cp38-abi3-musllinux_1_2_aarch64.whl", hash = "sha256:68be3a09455743ff9505491220b64440ced8973fe930f270c8e07ccfa25b1f9e", size = 791926, upload-time = "2026-01-01T17:32:29.314Z" },
    { url = "https://files.pythonhosted.org/packages/fa/f9/e40e318c604259301cc091a2a63f237d9e7b424c4851cafaea4ea7c4834e/pynacl-1.6.2-cp38-abi3-musllinux_1_2_x86_64.whl", hash = "sha256:8b097553b380236d51ed11356c953bf8ce36a29a3e596e934ecabe76c985a577", size = 1363101, upload-time = "2026-01-01T17:32:31.263Z" },
    { url = "https://files.pythonhosted.org/packages/48/47/e761c254f410c023a469284a9bc210933e18588ca87706ae93002c05114c/pynacl-1.6.2-cp38-abi3-win32.whl", hash = "sha256:5811c72b473b2f38f7e2a3dc4f8642e3a3e9b5e7317266e4ced1fba85cae41aa", size = 227421, upload-time = "2026-01-01T17:32:33.076Z" },
    { url = "https://files.pythonhosted.org/packages/41/ad/334600e8cacc7d86587fe5f565480fde569dfb487389c8e1be56ac21d8ac/pynacl-1.6.2-cp38-abi3-win_amd64.whl", hash = "sha256:62985f233210dee6548c223301b6c25440852e13d59a8b81490203c3227c5ba0", size = 239754, upload-time = "2026-01-01T17:32:34.557Z" },
    { url = "https://files.pythonhosted.org/packages/29/7d/5945b5af29534641820d3bd7b00962abbbdfee84ec7e19f0d5b3175f9a31/pynacl-1.6.2-cp38-abi3-win_arm64.whl", hash = "sha256:834a43af110f743a754448463e8fd61259cd4ab5bbedcf70f9dabad1d28a394c", size = 184801, upload-time = "2026-01-01T17:32:36.309Z" },
]

[[package]]
name = "pytest"
version = "8.4.2"
source = { registry = "https://pypi.org/simple" }
dependencies = [
    { name = "colorama", marker = "sys_platform == 'win32'" },
    { name = "iniconfig" },
    { name = "packaging" },
    { name = "pluggy" },
    { name = "pygments" },
]
sdist = { url = "https://files.pythonhosted.org/packages/a3/5c/00a0e072241553e1a7496d638deababa67c5058571567b92a7eaa258397c/pytest-8.4.2.tar.gz", hash = "sha256:86c0d0b93306b961d58d62a4db4879f27fe25513d4b969df351abdddb3c30e01", size = 1519618, upload-time = "2025-09-04T14:34:22.711Z" }
wheels = [
    { url = "https://files.pythonhosted.org/packages/a8/a4/20da314d277121d6534b3a980b29035dcd51e6744bd79075a6ce8fa4eb8d/pytest-8.4.2-py3-none-any.whl", hash = "sha256:872f880de3fc3a5bdc88a11b39c9710c3497a547cfa9320bc3c5e62fbf272e79", size = 365750, upload-time = "2025-09-04T14:34:20.226Z" },
]

[[package]]
name = "python-dateutil"
version = "2.9.0.post0"
source = { registry = "https://pypi.org/simple" }
dependencies = [
    { name = "six" },
]
sdist = { url = "https://files.pythonhosted.org/packages/66/c0/0c8b6ad9f17a802ee498c46e004a0eb49bc148f2fd230864601a86dcf6db/python-dateutil-2.9.0.post0.tar.gz", hash = "sha256:37dd54208da7e1cd875388217d5e00ebd4179249f90fb72437e91a35459a0ad3", size = 342432, upload-time = "2024-03-01T18:36:20.211Z" }
wheels = [
    { url = "https://files.pythonhosted.org/packages/ec/57/56b9bcc3c9c6a792fcbaf139543cee77261f3651ca9da0c93f5c1221264b/python_dateutil-2.9.0.post0-py2.py3-none-any.whl", hash = "sha256:a8b2bc7bffae282281c8140a97d3aa9c14da0b136dfe83f850eea9a5f7470427", size = 229892, upload-time = "2024-03-01T18:36:18.57Z" },
]

[[package]]
name = "pyyaml"
version = "6.0.3"
source = { registry = "https://pypi.org/simple" }
sdist = { url = "https://files.pythonhosted.org/packages/05/8e/961c0007c59b8dd7729d542c61a4d537767a59645b82a0b521206e1e25c2/pyyaml-6.0.3.tar.gz", hash = "sha256:d76623373421df22fb4cf8817020cbb7ef15c725b9d5e45f17e189bfc384190f", size = 130960, upload-time = "2025-09-25T21:33:16.546Z" }
wheels = [
    { url = "https://files.pythonhosted.org/packages/d1/33/422b98d2195232ca1826284a76852ad5a86fe23e31b009c9886b2d0fb8b2/pyyaml-6.0.3-cp312-cp312-macosx_10_13_x86_64.whl", hash = "sha256:7f047e29dcae44602496db43be01ad42fc6f1cc0d8cd6c83d342306c32270196", size = 182063, upload-time = "2025-09-25T21:32:11.445Z" },
    { url = "https://files.pythonhosted.org/packages/89/a0/6cf41a19a1f2f3feab0e9c0b74134aa2ce6849093d5517a0c550fe37a648/pyyaml-6.0.3-cp312-cp312-macosx_11_0_arm64.whl", hash = "sha256:fc09d0aa354569bc501d4e787133afc08552722d3ab34836a80547331bb5d4a0", size = 173973, upload-time = "2025-09-25T21:32:12.492Z" },
    { url = "https://files.pythonhosted.org/packages/ed/23/7a778b6bd0b9a8039df8b1b1d80e2e2ad78aa04171592c8a5c43a56a6af4/pyyaml-6.0.3-cp312-cp312-manylinux2014_aarch64.manylinux_2_17_aarch64.manylinux_2_28_aarch64.whl", hash = "sha256:9149cad251584d5fb4981be1ecde53a1ca46c891a79788c0df828d2f166bda28", size = 775116, upload-time = "2025-09-25T21:32:13.652Z" },
    { url = "https://files.pythonhosted.org/packages/65/30/d7353c338e12baef4ecc1b09e877c1970bd3382789c159b4f89d6a70dc09/pyyaml-6.0.3-cp312-cp312-manylinux2014_s390x.manylinux_2_17_s390x.manylinux_2_28_s390x.whl", hash = "sha256:5fdec68f91a0c6739b380c83b951e2c72ac0197ace422360e6d5a959d8d97b2c", size = 844011, upload-time = "2025-09-25T21:32:15.21Z" },
    { url = "https://files.pythonhosted.org/packages/8b/9d/b3589d3877982d4f2329302ef98a8026e7f4443c765c46cfecc8858c6b4b/pyyaml-6.0.3-cp312-cp312-manylinux2014_x86_64.manylinux_2_17_x86_64.manylinux_2_28_x86_64.whl", hash = "sha256:ba1cc08a7ccde2d2ec775841541641e4548226580ab850948cbfda66a1befcdc", size = 807870, upload-time = "2025-09-25T21:32:16.431Z" },
    { url = "https://files.pythonhosted.org/packages/05/c0/b3be26a015601b822b97d9149ff8cb5ead58c66f981e04fedf4e762f4bd4/pyyaml-6.0.3-cp312-cp312-musllinux_1_2_aarch64.whl", hash = "sha256:8dc52c23056b9ddd46818a57b78404882310fb473d63f17b07d5c40421e47f8e", size = 761089, upload-time = "2025-09-25T21:32:17.56Z" },
    { url = "https://files.pythonhosted.org/packages/be/8e/98435a21d1d4b46590d5459a22d88128103f8da4c2d4cb8f14f2a96504e1/pyyaml-6.0.3-cp312-cp312-musllinux_1_2_x86_64.whl", hash = "sha256:41715c910c881bc081f1e8872880d3c650acf13dfa8214bad49ed4cede7c34ea", size = 790181, upload-time = "2025-09-25T21:32:18.834Z" },
    { url = "https://files.pythonhosted.org/packages/74/93/7baea19427dcfbe1e5a372d81473250b379f04b1bd3c4c5ff825e2327202/pyyaml-6.0.3-cp312-cp312-win32.whl", hash = "sha256:96b533f0e99f6579b3d4d4995707cf36df9100d67e0c8303a0c55b27b5f99bc5", size = 137658, upload-time = "2025-09-25T21:32:20.209Z" },
    { url = "https://files.pythonhosted.org/packages/86/bf/899e81e4cce32febab4fb42bb97dcdf66bc135272882d1987881a4b519e9/pyyaml-6.0.3-cp312-cp312-win_amd64.whl", hash = "sha256:5fcd34e47f6e0b794d17de1b4ff496c00986e1c83f7ab2fb8fcfe9616ff7477b", size = 154003, upload-time = "2025-09-25T21:32:21.167Z" },
    { url = "https://files.pythonhosted.org/packages/1a/08/67bd04656199bbb51dbed1439b7f27601dfb576fb864099c7ef0c3e55531/pyyaml-6.0.3-cp312-cp312-win_arm64.whl", hash = "sha256:64386e5e707d03a7e172c0701abfb7e10f0fb753ee1d773128192742712a98fd", size = 140344, upload-time = "2025-09-25T21:32:22.617Z" },
]

[[package]]
name = "ruff"
version = "0.16.0"
source = { registry = "https://pypi.org/simple" }
sdist = { url = "https://files.pythonhosted.org/packages/4d/94/1e5e4967626faf12fa56999cd6222dff6992ceb086ad7945756baf70c7a7/ruff-0.16.0.tar.gz", hash = "sha256:e460aafd5495ec89efaa6ced2e4a9a581116451e1c88b9d37ef497e0f8e93982", size = 4790557, upload-time = "2026-07-23T19:11:30.981Z" }
wheels = [
    { url = "https://files.pythonhosted.org/packages/4b/81/1c8818fee7ce1a04cd7d1b3172e0a8f8e4f1dc4feb7fc390e16daa8af323/ruff-0.16.0-py3-none-linux_armv6l.whl", hash = "sha256:e5115729eb08c585e5121978ba5d5b60caeae394ce21b9fb5e6cd33a1c6c9b1e", size = 10754633, upload-time = "2026-07-23T19:10:46.415Z" },
    { url = "https://files.pythonhosted.org/packages/23/df/beaf59c09d68db84304d555f188b276a77132a5d5b0b67a5c762aa143628/ruff-0.16.0-py3-none-macosx_10_12_x86_64.whl", hash = "sha256:3c954b1d580bfa035b41654f7858cc7e71d5fc3ac5b723dd62bd9133830ed522", size = 10969164, upload-time = "2026-07-23T19:10:50.271Z" },
    { url = "https://files.pythonhosted.org/packages/42/ce/741cd197496a1abbf51352710fd15ed995d2a2be87189c1da26a450d6e83/ruff-0.16.0-py3-none-macosx_11_0_arm64.whl", hash = "sha256:e01c21d10eb1b29f47b7454e1f4056db9a3f0260c646aa88457c610291db9f81", size = 10488846, upload-time = "2026-07-23T19:10:52.639Z" },
    { url = "https://files.pythonhosted.org/packages/52/2a/a2db8e88cade358f5cdcb05674a917751074109315d014eb6352d9a893f7/ruff-0.16.0-py3-none-manylinux_2_17_aarch64.manylinux2014_aarch64.whl", hash = "sha256:6e364e5ed22ed8dc05082fd78e35308618260907ac2d3c1d637b2e682415b6c9", size = 10889729, upload-time = "2026-07-23T19:10:54.89Z" },
    { url = "https://files.pythonhosted.org/packages/42/65/62a771694ebd63029dc953e27dbad40e1588bd4860ff9fe881018fddaa49/ruff-0.16.0-py3-none-manylinux_2_17_armv7l.manylinux2014_armv7l.whl", hash = "sha256:d327b8fc113a1d4421a04f3839d3752057c8dd1ee320223a6f3f52d04ada462a", size = 10568275, upload-time = "2026-07-23T19:10:56.993Z" },
    { url = "https://files.pythonhosted.org/packages/3f/e2/ced249fe8af5f086c5c58cc21cc3356d50f32f7401c5df87050c999620a7/ruff-0.16.0-py3-none-manylinux_2_17_i686.manylinux2014_i686.whl", hash = "sha256:a9b50c55e263103586b3dcf5f73d479eb8cb5fdb6098fec59a62891dab653717", size = 11385112, upload-time = "2026-07-23T19:10:59.615Z" },
    { url = "https://files.pythonhosted.org/packages/87/0b/05154977a8fd69eeb6c103271f55403bfd8711f5c0f8ed07489d95a504e7/ruff-0.16.0-py3-none-manylinux_2_17_ppc64le.manylinux2014_ppc64le.whl", hash = "sha256:0ff4a79ce3ec0172f3241943835de1c4cb4e2dcd07f0f8c2d02603dbbbee4b17", size = 12207008, upload-time = "2026-07-23T19:11:02.154Z" },
    { url = "https://files.pythonhosted.org/packages/fb/29/98225831a3a1eab0e02f4acc6ca6559a98611dcc68b6965ff4b7234627c1/ruff-0.16.0-py3-none-manylinux_2_17_s390x.manylinux2014_s390x.whl", hash = "sha256:e95c448fca1fb2a18372a9440926c5a6ee789639bb975c72e7ae6d0b04218ab4", size = 11650842, upload-time = "2026-07-23T19:11:04.557Z" },
    { url = "https://files.pythonhosted.org/packages/91/66/6bd3cf90500653d55dc0ffc8507aa8300bd49d0214b2e8cb4d3fef2943ba/ruff-0.16.0-py3-none-manylinux_2_17_x86_64.manylinux2014_x86_64.whl", hash = "sha256:4f11a8d11010301d0a398a2fdef67691feca7294da6aef55e2150e8fa2cd520b", size = 11400718, upload-time = "2026-07-23T19:11:09.233Z" },
    { url = "https://files.pythonhosted.org/packages/8e/a2/a54eb4eae05d66364050a5d3b8a9c5ef88196531b3cbe7109d873f87f819/ruff-0.16.0-py3-none-manylinux_2_31_riscv64.whl", hash = "sha256:48044c678e9cb8698246c99b14aaccfa6601dea7379eb48a6f8f73f7a6d86cd0", size = 11426177, upload-time = "2026-07-23T19:11:11.994Z" },
    { url = "https://files.pythonhosted.org/packages/1a/be/16e3eea4b2a478a496919f5e36f17c4559e54620bd3bbac5d6affa068006/ruff-0.16.0-py3-none-musllinux_1_2_aarch64.whl", hash = "sha256:7aa0959bad8eb8bef50340154fc9b58678dae31fa4293afa38b44b6e552c0213", size = 10856126, upload-time = "2026-07-23T19:11:14.221Z" },
    { url = "https://files.pythonhosted.org/packages/a2/84/252eb8b868a16eec7257c14f504f77537e734b2d69c762e639e588e304a3/ruff-0.16.0-py3-none-musllinux_1_2_armv7l.whl", hash = "sha256:28ea2b7df8ebf7f9da6b7d47b230ab48f387c0a29be3b474c4d0740e197bb9af", size = 10571208, upload-time = "2026-07-23T19:11:16.378Z" },
    { url = "https://files.pythonhosted.org/packages/21/09/817a482f542f7570cbb4554b26e896610c7114f539b1d9e2d2145bf6bef6/ruff-0.16.0-py3-none-musllinux_1_2_i686.whl", hash = "sha256:33a3dfac8c35f81498dea9181bccc2f4c4bc8f1521a1dd9406e77643e0f0fb09", size = 11063329, upload-time = "2026-07-23T19:11:19.173Z" },
    { url = "https://files.pythonhosted.org/packages/2e/23/9403c180ca1cb9b1f7335f5c3e5305c09d49ea5b345196682a36028bde4a/ruff-0.16.0-py3-none-musllinux_1_2_x86_64.whl", hash = "sha256:a5237a0bda500d30d81b8e07a6973a5cbc772864cbf746ae2f4e8a2e01c9f4ed", size = 11489751, upload-time = "2026-07-23T19:11:21.74Z" },
    { url = "https://files.pythonhosted.org/packages/b2/1d/1b2ef7bcde851c78d7f17f1cca13fd6dc695fc4b3d6197941e72cae5b132/ruff-0.16.0-py3-none-win32.whl", hash = "sha256:7fab76fa065c873f41ff744347c6e77bcc3dfec4bcc754dc26b63d23c0f7f5fb", size = 10785885, upload-time = "2026-07-23T19:11:23.947Z" },
    { url = "https://files.pythonhosted.org/packages/b2/a3/d5e4ef7a56be3f928ffb90b94c25ba7d3cb9c7fe0736aeaaedf361770712/ruff-0.16.0-py3-none-win_amd64.whl", hash = "sha256:429c117f022bf481fabd9d551e7a3952b24c65e6ef44337ea09d90bebef14472", size = 11923141, upload-time = "2026-07-23T19:11:26.409Z" },
    { url = "https://files.pythonhosted.org/packages/cb/9a/8415f2657cbe200f41a4531ccededf135505a92d4a012229121f885b26f9/ruff-0.16.0-py3-none-win_arm64.whl", hash = "sha256:14296fedcd2705c77ab8235439278bbb38f285cf7da5528b00b3e330c3d4872d", size = 11273407, upload-time = "2026-07-23T19:11:28.705Z" },
]

[[package]]
name = "six"
version = "1.17.0"
source = { registry = "https://pypi.org/simple" }
sdist = { url = "https://files.pythonhosted.org/packages/94/e7/b2c673351809dca68a0e064b6af791aa332cf192da575fd474ed7d6f16a2/six-1.17.0.tar.gz", hash = "sha256:ff70335d468e7eb6ec65b95b99d3a2836546063f63acc5171de367e834932a81", size = 34031, upload-time = "2024-12-04T17:35:28.174Z" }
wheels = [
    { url = "https://files.pythonhosted.org/packages/b7/ce/149a00dd41f10bc29e5921b496af8b574d8413afcd5e30dfa0ed46c2cc5e/six-1.17.0-py2.py3-none-any.whl", hash = "sha256:4721f391ed90541fddacab5acf947aa0d3dc7d27b2e1e8eda2be8970586c3274", size = 11050, upload-time = "2024-12-04T17:35:26.475Z" },
]

[[package]]
name = "typeguard"
version = "2.13.3"
source = { registry = "https://pypi.org/simple" }
sdist = { url = "https://files.pythonhosted.org/packages/3a/38/c61bfcf62a7b572b5e9363a802ff92559cb427ee963048e1442e3aef7490/typeguard-2.13.3.tar.gz", hash = "sha256:00edaa8da3a133674796cf5ea87d9f4b4c367d77476e185e80251cc13dfbb8c4", size = 40604, upload-time = "2021-12-10T21:09:39.158Z" }
wheels = [
    { url = "https://files.pythonhosted.org/packages/9a/bb/d43e5c75054e53efce310e79d63df0ac3f25e34c926be5dffb7d283fb2a8/typeguard-2.13.3-py3-none-any.whl", hash = "sha256:5e3e3be01e887e7eafae5af63d1f36c849aaa94e3a0112097312aabfa16284f1", size = 17605, upload-time = "2021-12-10T21:09:37.844Z" },
]

[[package]]
name = "types-pyyaml"
version = "6.0.12.20260724"
source = { registry = "https://pypi.org/simple" }
sdist = { url = "https://files.pythonhosted.org/packages/3f/6f/a28f44bcd56bebed42b028a2894c79853e2f5e6b5279e633cb3f287a05e7/types_pyyaml-6.0.12.20260724.tar.gz", hash = "sha256:3c1ce1bb73cd5ec02e90390c2b1f00e810d241d8825fd73ff359696839271b6b", size = 17893, upload-time = "2026-07-24T04:58:43.453Z" }
wheels = [
    { url = "https://files.pythonhosted.org/packages/8b/42/0337fefc615e20ee55d1c8f71b774a9b2b734a04669139c20753b27a2a3a/types_pyyaml-6.0.12.20260724-py3-none-any.whl", hash = "sha256:d57db930a4b2efbc57cf430ec8882765d246929432fa253092f383902329a453", size = 20312, upload-time = "2026-07-24T04:58:42.486Z" },
]

[[package]]
name = "typing-extensions"
version = "4.16.0"
source = { registry = "https://pypi.org/simple" }
sdist = { url = "https://files.pythonhosted.org/packages/f6/cc/6253133b5bb138fc3306cebfbda2c520f545d36b5be2c7255cc528bb45d6/typing_extensions-4.16.0.tar.gz", hash = "sha256:dc983d19a509c94dba722ee6abd33940f7c05a89e243c47e907eb4db6f1a43e5", size = 113555, upload-time = "2026-07-02T08:40:05.92Z" }
wheels = [
    { url = "https://files.pythonhosted.org/packages/49/d3/b8441a820a491ddfc024b0b0cf0393375b75ea13866d9c66727e54c2fc80/typing_extensions-4.16.0-py3-none-any.whl", hash = "sha256:481caa481374e813c1b176ada14e97f1f67a4539ce9cfeb3f350d78d6370c2e8", size = 45571, upload-time = "2026-07-02T08:40:04.659Z" },
]

[[package]]
name = "wishicraft-server"
version = "0.1.0"
source = { editable = "." }
dependencies = [
    { name = "aws-cdk-lib" },
    { name = "constructs" },
    { name = "pynacl" },
    { name = "pyyaml" },
]

[package.dev-dependencies]
dev = [
    { name = "mypy" },
    { name = "pytest" },
    { name = "ruff" },
    { name = "types-pyyaml" },
]

[package.metadata]
requires-dist = [
    { name = "aws-cdk-lib", specifier = ">=2.0,<3.0" },
    { name = "constructs", specifier = ">=10.0,<11.0" },
    { name = "pynacl", specifier = "==1.6.2" },
    { name = "pyyaml", specifier = ">=6.0,<7.0" },
]

[package.metadata.requires-dev]
dev = [
    { name = "mypy", specifier = ">=1.13,<2.0" },
    { name = "pytest", specifier = ">=8.0,<9.0" },
    { name = "ruff", specifier = ">=0.8,<1.0" },
    { name = "types-pyyaml", specifier = ">=6.0,<7.0" },
]
